schema: '2.0'
stages:
  data_ingestion:
    cmd: python src/data_ingestion.py
    deps:
    - path: src/data_ingestion.py
      hash: md5
      md5: bb0017b98e519dd63c0bf2d337012f3f
      size: 3874
    params:
      params.yaml:
        data_ingestion.test_size: 0.25
    outs:
    - path: data/raw
      hash: md5
      md5: 04dd235295cb72c313e376c794dbd399.dir
      size: 484846
      nfiles: 2
  data_preprocessing:
    cmd: python src/data_preprocessing.py
    deps:
    - path: data/raw
      hash: md5
      md5: 04dd235295cb72c313e376c794dbd399.dir
      size: 484846
      nfiles: 2
    - path: src/data_preprocessing.py
      hash: md5
      md5: 8334b24e5ed80d73977d0f35c39a3301
      size: 3985
    outs:
    - path: data/interim
      hash: md5
      md5: a93065f5a2727e5e7dd327b4604144d5.dir
      size: 261440
      nfiles: 2
  feature_engineering:
    cmd: python src/feature_engineering.py
    deps:
    - path: data/interim
      hash: md5
      md5: a93065f5a2727e5e7dd327b4604144d5.dir
      size: 261440
      nfiles: 2
    - path: src/feature_engineering.py
      hash: md5
      md5: 5f2f0c073e3351b2a48a9b22f6d813a7
      size: 3915
    params:
      params.yaml:
        feature_engineering.max_features: 40
    outs:
    - path: data/processed
      hash: md5
      md5: b8323624699274c3e844c93b292baed1.dir
      size: 953794
      nfiles: 2
  model_building:
    cmd: python src/model_building.py
    deps:
    - path: data/processed
      hash: md5
      md5: b8323624699274c3e844c93b292baed1.dir
      size: 953794
      nfiles: 2
    - path: src/model_building.py
      hash: md5
      md5: 6a8d3991a217223254e9603b4ff36a91
      size: 4487
    params:
      params.yaml:
        model_building.n_estimators: 30
        model_building.random_state: 2
    outs:
    - path: models/model.pkl
      hash: md5
      md5: fe0b55192d751dcd6680d7c256f71c19
      size: 984239
  model_evaluation:
    cmd: python src/model_evaluation.py
    deps:
    - path: models/model.pkl
      hash: md5
      md5: fe0b55192d751dcd6680d7c256f71c19
      size: 984239
    - path: src/model_evaluation.py
      hash: md5
      md5: 3dd5cdb8b98da4311f49863068819a84
      size: 3648
    outs:
    - path: reports/metrics.json
      hash: md5
      md5: 1e465b3e75e749e9b62db70731f78826
      size: 144
